// !$*UTF8*$!
{
	archiveVersion = 1;
	classes = {
	};
	objectVersion = 56;
	objects = {

/* Begin PBXBuildFile section */
		34A496D021FC7BA20ABB0A44 /* Pods_2048.framework in Frameworks */ = {isa = PBXBuildFile; fileRef = B88DEE28D2B9171C8C2C27F7 /* Pods_2048.framework */; };
		7D3F748A2B35F1EC007DE533 /* AppDelegate.swift in Sources */ = {isa = PBXBuildFile; fileRef = 7D3F74892B35F1EC007DE533 /* AppDelegate.swift */; };
		7D3F748C2B35F1EC007DE533 /* SceneDelegate.swift in Sources */ = {isa = PBXBuildFile; fileRef = 7D3F748B2B35F1EC007DE533 /* SceneDelegate.swift */; };
		7D3F748E2B35F1EC007DE533 /* ViewController.swift in Sources */ = {isa = PBXBuildFile; fileRef = 7D3F748D2B35F1EC007DE533 /* ViewController.swift */; };
		7D3F74932B35F1ED007DE533 /* Assets.xcassets in Resources */ = {isa = PBXBuildFile; fileRef = 7D3F74922B35F1ED007DE533 /* Assets.xcassets */; };
		7D3F74962B35F1ED007DE533 /* LaunchScreen.storyboard in Resources */ = {isa = PBXBuildFile; fileRef = 7D3F74942B35F1ED007DE533 /* LaunchScreen.storyboard */; };
		7D3F749E2B35F32F007DE533 /* Token.swift in Sources */ = {isa = PBXBuildFile; fileRef = 7D3F749D2B35F32F007DE533 /* Token.swift */; };
		7D3F74A02B35F343007DE533 /* GameBoard.swift in Sources */ = {isa = PBXBuildFile; fileRef = 7D3F749F2B35F343007DE533 /* GameBoard.swift */; };
		7D3F74A22B35F357007DE533 /* GameBoardView.swift in Sources */ = {isa = PBXBuildFile; fileRef = 7D3F74A12B35F357007DE533 /* GameBoardView.swift */; };
		7D3F74A42B35F36A007DE533 /* TokenView.swift in Sources */ = {isa = PBXBuildFile; fileRef = 7D3F74A32B35F36A007DE533 /* TokenView.swift */; };
/* End PBXBuildFile section */

/* Begin PBXFileReference section */
		0510077B64F0045DA695CF60 /* Pods-2048.debug.xcconfig */ = {isa = PBXFileReference; includeInIndex = 1; lastKnownFileType = text.xcconfig; name = "Pods-2048.debug.xcconfig"; path = "Target Support Files/Pods-2048/Pods-2048.debug.xcconfig"; sourceTree = "<group>"; };
		7D3F74862B35F1EC007DE533 /* 2048.app */ = {isa = PBXFileReference; explicitFileType = wrapper.application; includeInIndex = 0; path = 2048.app; sourceTree = BUILT_PRODUCTS_DIR; };
		7D3F74892B35F1EC007DE533 /* AppDelegate.swift */ = {isa = PBXFileReference; lastKnownFileType = sourcecode.swift; path = AppDelegate.swift; sourceTree = "<group>"; };
		7D3F748B2B35F1EC007DE533 /* SceneDelegate.swift */ = {isa = PBXFileReference; lastKnownFileType = sourcecode.swift; path = SceneDelegate.swift; sourceTree = "<group>"; };
		7D3F748D2B35F1EC007DE533 /* ViewController.swift */ = {isa = PBXFileReference; lastKnownFileType = sourcecode.swift; path = ViewController.swift; sourceTree = "<group>"; };
		7D3F74922B35F1ED007DE533 /* Assets.xcassets */ = {isa = PBXFileReference; lastKnownFileType = folder.assetcatalog; path = Assets.xcassets; sourceTree = "<group>"; };
		7D3F74952B35F1ED007DE533 /* Base */ = {isa = PBXFileReference; lastKnownFileType = file.storyboard; name = Base; path = Base.lproj/LaunchScreen.storyboard; sourceTree = "<group>"; };
		7D3F74972B35F1ED007DE533 /* Info.plist */ = {isa = PBXFileReference; lastKnownFileType = text.plist.xml; path = Info.plist; sourceTree = "<group>"; };
		7D3F749D2B35F32F007DE533 /* Token.swift */ = {isa = PBXFileReference; lastKnownFileType = sourcecode.swift; path = Token.swift; sourceTree = "<group>"; };
		7D3F749F2B35F343007DE533 /* GameBoard.swift */ = {isa = PBXFileReference; lastKnownFileType = sourcecode.swift; path = GameBoard.swift; sourceTree = "<group>"; };
		7D3F74A12B35F357007DE533 /* GameBoardView.swift */ = {isa = PBXFileReference; lastKnownFileType = sourcecode.swift; path = GameBoardView.swift; sourceTree = "<group>"; };
		7D3F74A32B35F36A007DE533 /* TokenView.swift */ = {isa = PBXFileReference; lastKnownFileType = sourcecode.swift; path = TokenView.swift; sourceTree = "<group>"; };
		805157E4A52F5EC925F4D80C /* Pods-2048.release.xcconfig */ = {isa = PBXFileReference; includeInIndex = 1; lastKnownFileType = text.xcconfig; name = "Pods-2048.release.xcconfig"; path = "Target Support Files/Pods-2048/Pods-2048.release.xcconfig"; sourceTree = "<group>"; };
		B88DEE28D2B9171C8C2C27F7 /* Pods_2048.framework */ = {isa = PBXFileReference; explicitFileType = wrapper.framework; includeInIndex = 0; path = Pods_2048.framework; sourceTree = BUILT_PRODUCTS_DIR; };
/* End PBXFileReference section */

/* Begin PBXFrameworksBuildPhase section */
		7D3F74832B35F1EC007DE533 /* Frameworks */ = {
			isa = PBXFrameworksBuildPhase;
			buildActionMask = 2147483647;
			files = (
				34A496D021FC7BA20ABB0A44 /* Pods_2048.framework in Frameworks */,
			);
			runOnlyForDeploymentPostprocessing = 0;
		};
/* End PBXFrameworksBuildPhase section */

/* Begin PBXGroup section */
		0627DAD13610294533F37D77 /* Pods */ = {
			isa = PBXGroup;
			children = (
				0510077B64F0045DA695CF60 /* Pods-2048.debug.xcconfig */,
				805157E4A52F5EC925F4D80C /* Pods-2048.release.xcconfig */,
			);
			path = Pods;
			sourceTree = "<group>";
		};
		7D3F747D2B35F1EC007DE533 = {
			isa = PBXGroup;
			children = (
				7D3F74882B35F1EC007DE533 /* 2048 */,
				7D3F74872B35F1EC007DE533 /* Products */,
				0627DAD13610294533F37D77 /* Pods */,
				92FC8AEBFBF437D4BB6955E7 /* Frameworks */,
			);
			sourceTree = "<group>";
		};
		7D3F74872B35F1EC007DE533 /* Products */ = {
			isa = PBXGroup;
			children = (
				7D3F74862B35F1EC007DE533 /* 2048.app */,
			);
			name = Products;
			sourceTree = "<group>";
		};
		7D3F74882B35F1EC007DE533 /* 2048 */ = {
			isa = PBXGroup;
			children = (
				7D3F74892B35F1EC007DE533 /* AppDelegate.swift */,
				7D3F748B2B35F1EC007DE533 /* SceneDelegate.swift */,
				7D3F748D2B35F1EC007DE533 /* ViewController.swift */,
				7D3F74922B35F1ED007DE533 /* Assets.xcassets */,
				7D3F74942B35F1ED007DE533 /* LaunchScreen.storyboard */,
				7D3F74972B35F1ED007DE533 /* Info.plist */,
				7D3F749D2B35F32F007DE533 /* Token.swift */,
				7D3F749F2B35F343007DE533 /* GameBoard.swift */,
				7D3F74A12B35F357007DE533 /* GameBoardView.swift */,
				7D3F74A32B35F36A007DE533 /* TokenView.swift */,
			);
			path = 2048;
			sourceTree = "<group>";
		};
		92FC8AEBFBF437D4BB6955E7 /* Frameworks */ = {
			isa = PBXGroup;
			children = (
				B88DEE28D2B9171C8C2C27F7 /* Pods_2048.framework */,
			);
			name = Frameworks;
			sourceTree = "<group>";
		};
/* End PBXGroup section */

/* Begin PBXNativeTarget section */
		7D3F74852B35F1EC007DE533 /* 2048 */ = {
			isa = PBXNativeTarget;
			buildConfigurationList = 7D3F749A2B35F1ED007DE533 /* Build configuration list for PBXNativeTarget "2048" */;
			buildPhases = (
				C921AFB2468AC5FFB3147419 /* [CP] Check Pods Manifest.lock */,
				7D3F74822B35F1EC007DE533 /* Sources */,
				7D3F74832B35F1EC007DE533 /* Frameworks */,
				7D3F74842B35F1EC007DE533 /* Resources */,
				AE314F91DD69F588C8EC7AEA /* [CP] Embed Pods Frameworks */,
			);
			buildRules = (
			);
			dependencies = (
			);
			name = 2048;
			productName = 2048;
			productReference = 7D3F74862B35F1EC007DE533 /* 2048.app */;
			productType = "com.apple.product-type.application";
		};
/* End PBXNativeTarget section */

/* Begin PBXProject section */
		7D3F747E2B35F1EC007DE533 /* Project object */ = {
			isa = PBXProject;
			attributes = {
				BuildIndependentTargetsInParallel = 1;
				LastSwiftUpdateCheck = 1510;
				LastUpgradeCheck = 1510;
				TargetAttributes = {
					7D3F74852B35F1EC007DE533 = {
						CreatedOnToolsVersion = 15.1;
					};
				};
			};
			buildConfigurationList = 7D3F74812B35F1EC007DE533 /* Build configuration list for PBXProject "2048" */;
			compatibilityVersion = "Xcode 14.0";
			developmentRegion = en;
			hasScannedForEncodings = 0;
			knownRegions = (
				en,
				Base,
			);
			mainGroup = 7D3F747D2B35F1EC007DE533;
			productRefGroup = 7D3F74872B35F1EC007DE533 /* Products */;
			projectDirPath = "";
			projectRoot = "";
			targets = (
				7D3F74852B35F1EC007DE533 /* 2048 */,
			);
		};
/* End PBXProject section */

/* Begin PBXResourcesBuildPhase section */
		7D3F74842B35F1EC007DE533 /* Resources */ = {
			isa = PBXResourcesBuildPhase;
			buildActionMask = 2147483647;
			files = (
				7D3F74962B35F1ED007DE533 /* LaunchScreen.storyboard in Resources */,
				7D3F74932B35F1ED007DE533 /* Assets.xcassets in Resources */,
			);
			runOnlyForDeploymentPostprocessing = 0;
		};
/* End PBXResourcesBuildPhase section */

/* Begin PBXShellScriptBuildPhase section */
		AE314F91DD69F588C8EC7AEA /* [CP] Embed Pods Frameworks */ = {
			isa = PBXShellScriptBuildPhase;
			buildActionMask = 2147483647;
			files = (
			);
			inputFileListPaths = (
				"${PODS_ROOT}/Target Support Files/Pods-2048/Pods-2048-frameworks-${CONFIGURATION}-input-files.xcfilelist",
			);
			name = "[CP] Embed Pods Frameworks";
			outputFileListPaths = (
				"${PODS_ROOT}/Target Support Files/Pods-2048/Pods-2048-frameworks-${CONFIGURATION}-output-files.xcfilelist",
			);
			runOnlyForDeploymentPostprocessing = 0;
			shellPath = /bin/sh;
			shellScript = "\"${PODS_ROOT}/Target Support Files/Pods-2048/Pods-2048-frameworks.sh\"\n";
			showEnvVarsInLog = 0;
		};
		C921AFB2468AC5FFB3147419 /* [CP] Check Pods Manifest.lock */ = {
			isa = PBXShellScriptBuildPhase;
			buildActionMask = 2147483647;
			files = (
			);
			inputFileListPaths = (
			);
			inputPaths = (
				"${PODS_PODFILE_DIR_PATH}/Podfile.lock",
				"${PODS_ROOT}/Manifest.lock",
			);
			name = "[CP] Check Pods Manifest.lock";
			outputFileListPaths = (
			);
			outputPaths = (
				"$(DERIVED_FILE_DIR)/Pods-2048-checkManifestLockResult.txt",
			);
			runOnlyForDeploymentPostprocessing = 0;
			shellPath = /bin/sh;
			shellScript = "diff \"${PODS_PODFILE_DIR_PATH}/Podfile.lock\" \"${PODS_ROOT}/Manifest.lock\" > /dev/null\nif [ $? != 0 ] ; then\n    # print error to STDERR\n    echo \"error: The sandbox is not in sync with the Podfile.lock. Run 'pod install' or update your CocoaPods installation.\" >&2\n    exit 1\nfi\n# This output is used by Xcode 'outputs' to avoid re-running this script phase.\necho \"SUCCESS\" > \"${SCRIPT_OUTPUT_FILE_0}\"\n";
			showEnvVarsInLog = 0;
		};
/* End PBXShellScriptBuildPhase section */

/* Begin PBXSourcesBuildPhase section */
		7D3F74822B35F1EC007DE533 /* Sources */ = {
			isa = PBXSourcesBuildPhase;
			buildActionMask = 2147483647;
			files = (
				7D3F748E2B35F1EC007DE533 /* ViewController.swift in Sources */,
				7D3F748A2B35F1EC007DE533 /* AppDelegate.swift in Sources */,
				7D3F74A02B35F343007DE533 /* GameBoard.swift in Sources */,
				7D3F74A42B35F36A007DE533 /* TokenView.swift in Sources */,
				7D3F748C2B35F1EC007DE533 /* SceneDelegate.swift in Sources */,
				7D3F749E2B35F32F007DE533 /* Token.swift in Sources */,
				7D3F74A22B35F357007DE533 /* GameBoardView.swift in Sources */,
			);
			runOnlyForDeploymentPostprocessing = 0;
		};
/* End PBXSourcesBuildPhase section */

/* Begin PBXVariantGroup section */
		7D3F74942B35F1ED007DE533 /* LaunchScreen.storyboard */ = {
			isa = PBXVariantGroup;
			children = (
				7D3F74952B35F1ED007DE533 /* Base */,
			);
			name = LaunchScreen.storyboard;
			sourceTree = "<group>";
		};
/* End PBXVariantGroup section */

/* Begin XCBuildConfiguration section */
		7D3F74982B35F1ED007DE533 /* Debug */ = {
			isa = XCBuildConfiguration;
			buildSettings = {
				ALWAYS_SEARCH_USER_PATHS = NO;
				ASSETCATALOG_COMPILER_GENERATE_SWIFT_ASSET_SYMBOL_EXTENSIONS = YES;
				CLANG_ANALYZER_NONNULL = YES;
				CLANG_ANALYZER_NUMBER_OBJECT_CONVERSION = YES_AGGRESSIVE;
				CLANG_CXX_LANGUAGE_STANDARD = "gnu++20";
				CLANG_ENABLE_MODULES = YES;
				CLANG_ENABLE_OBJC_ARC = YES;
				CLANG_ENABLE_OBJC_WEAK = YES;
				CLANG_WARN_BLOCK_CAPTURE_AUTORELEASING = YES;
				CLANG_WARN_BOOL_CONVERSION = YES;
				CLANG_WARN_COMMA = YES;
				CLANG_WARN_CONSTANT_CONVERSION = YES;
				CLANG_WARN_DEPRECATED_OBJC_IMPLEMENTATIONS = YES;
				CLANG_WARN_DIRECT_OBJC_ISA_USAGE = YES_ERROR;
				CLANG_WARN_DOCUMENTATION_COMMENTS = YES;
				CLANG_WARN_EMPTY_BODY = YES;
				CLANG_WARN_ENUM_CONVERSION = YES;
				CLANG_WARN_INFINITE_RECURSION = YES;
				CLANG_WARN_INT_CONVERSION = YES;
				CLANG_WARN_NON_LITERAL_NULL_CONVERSION = YES;
				CLANG_WARN_OBJC_IMPLICIT_RETAIN_SELF = YES;
				CLANG_WARN_OBJC_LITERAL_CONVERSION = YES;
				CLANG_WARN_OBJC_ROOT_CLASS = YES_ERROR;
				CLANG_WARN_QUOTED_INCLUDE_IN_FRAMEWORK_HEADER = YES;
				CLANG_WARN_RANGE_LOOP_ANALYSIS = YES;
				CLANG_WARN_STRICT_PROTOTYPES = YES;
				CLANG_WARN_SUSPICIOUS_MOVE = YES;
				CLANG_WARN_UNGUARDED_AVAILABILITY = YES_AGGRESSIVE;
				CLANG_WARN_UNREACHABLE_CODE = YES;
				CLANG_WARN__DUPLICATE_METHOD_MATCH = YES;
				COPY_PHASE_STRIP = NO;
				DEBUG_INFORMATION_FORMAT = dwarf;
				ENABLE_STRICT_OBJC_MSGSEND = YES;
				ENABLE_TESTABILITY = YES;
				ENABLE_USER_SCRIPT_SANDBOXING = NO;
				GCC_C_LANGUAGE_STANDARD = gnu17;
				GCC_DYNAMIC_NO_PIC = NO;
				GCC_NO_COMMON_BLOCKS = YES;
				GCC_OPTIMIZATION_LEVEL = 0;
				GCC_PREPROCESSOR_DEFINITIONS = (
					"DEBUG=1",
					"$(inherited)",
				);
				GCC_WARN_64_TO_32_BIT_CONVERSION = YES;
				GCC_WARN_ABOUT_RETURN_TYPE = YES_ERROR;
				GCC_WARN_UNDECLARED_SELECTOR = YES;
				GCC_WARN_UNINITIALIZED_AUTOS = YES_AGGRESSIVE;
				GCC_WARN_UNUSED_FUNCTION = YES;
				GCC_WARN_UNUSED_VARIABLE = YES;
				IPHONEOS_DEPLOYMENT_TARGET = 17.2;
				LOCALIZATION_PREFERS_STRING_CATALOGS = YES;
				MTL_ENABLE_DEBUG_INFO = INCLUDE_SOURCE;
				MTL_FAST_MATH = YES;
				ONLY_ACTIVE_ARCH = YES;
				SDKROOT = iphoneos;
				SWIFT_ACTIVE_COMPILATION_CONDITIONS = "DEBUG $(inherited)";
				SWIFT_OPTIMIZATION_LEVEL = "-Onone";
			};
			name = Debug;
		};
		7D3F74992B35F1ED007DE533 /* Release */ = {
			isa = XCBuildConfiguration;
			buildSettings = {
				ALWAYS_SEARCH_USER_PATHS = NO;
				ASSETCATALOG_COMPILER_GENERATE_SWIFT_ASSET_SYMBOL_EXTENSIONS = YES;
				CLANG_ANALYZER_NONNULL = YES;
				CLANG_ANALYZER_NUMBER_OBJECT_CONVERSION = YES_AGGRESSIVE;
				CLANG_CXX_LANGUAGE_STANDARD = "gnu++20";
				CLANG_ENABLE_MODULES = YES;
				CLANG_ENABLE_OBJC_ARC = YES;
				CLANG_ENABLE_OBJC_WEAK = YES;
				CLANG_WARN_BLOCK_CAPTURE_AUTORELEASING = YES;
				CLANG_WARN_BOOL_CONVERSION = YES;
				CLANG_WARN_COMMA = YES;
				CLANG_WARN_CONSTANT_CONVERSION = YES;
				CLANG_WARN_DEPRECATED_OBJC_IMPLEMENTATIONS = YES;
				CLANG_WARN_DIRECT_OBJC_ISA_USAGE = YES_ERROR;
				CLANG_WARN_DOCUMENTATION_COMMENTS = YES;
				CLANG_WARN_EMPTY_BODY = YES;
				CLANG_WARN_ENUM_CONVERSION = YES;
				CLANG_WARN_INFINITE_RECURSION = YES;
				CLANG_WARN_INT_CONVERSION = YES;
				CLANG_WARN_NON_LITERAL_NULL_CONVERSION = YES;
				CLANG_WARN_OBJC_IMPLICIT_RETAIN_SELF = YES;
				CLANG_WARN_OBJC_LITERAL_CONVERSION = YES;
				CLANG_WARN_OBJC_ROOT_CLASS = YES_ERROR;
				CLANG_WARN_QUOTED_INCLUDE_IN_FRAMEWORK_HEADER = YES;
				CLANG_WARN_RANGE_LOOP_ANALYSIS = YES;
				CLANG_WARN_STRICT_PROTOTYPES = YES;
				CLANG_WARN_SUSPICIOUS_MOVE = YES;
				CLANG_WARN_UNGUARDED_AVAILABILITY = YES_AGGRESSIVE;
				CLANG_WARN_UNREACHABLE_CODE = YES;
				CLANG_WARN__DUPLICATE_METHOD_MATCH = YES;
				COPY_PHASE_STRIP = NO;
				DEBUG_INFORMATION_FORMAT = "dwarf-with-dsym";
				ENABLE_NS_ASSERTIONS = NO;
				ENABLE_STRICT_OBJC_MSGSEND = YES;
				ENABLE_USER_SCRIPT_SANDBOXING = NO;
				GCC_C_LANGUAGE_STANDARD = gnu17;
				GCC_NO_COMMON_BLOCKS = YES;
				GCC_WARN_64_TO_32_BIT_CONVERSION = YES;
				GCC_WARN_ABOUT_RETURN_TYPE = YES_ERROR;
				GCC_WARN_UNDECLARED_SELECTOR = YES;
				GCC_WARN_UNINITIALIZED_AUTOS = YES_AGGRESSIVE;
				GCC_WARN_UNUSED_FUNCTION = YES;
				GCC_WARN_UNUSED_VARIABLE = YES;
				IPHONEOS_DEPLOYMENT_TARGET = 17.2;
				LOCALIZATION_PREFERS_STRING_CATALOGS = YES;
				MTL_ENABLE_DEBUG_INFO = NO;
				MTL_FAST_MATH = YES;
				SDKROOT = iphoneos;
				SWIFT_COMPILATION_MODE = wholemodule;
				VALIDATE_PRODUCT = YES;
			};
			name = Release;
		};
		7D3F749B2B35F1ED007DE533 /* Debug */ = {
			isa = XCBuildConfiguration;
			baseConfigurationReference = 0510077B64F0045DA695CF60 /* Pods-2048.debug.xcconfig */;
			buildSettings = {
				ASSETCATALOG_COMPILER_APPICON_NAME = AppIcon;
				ASSETCATALOG_COMPILER_GLOBAL_ACCENT_COLOR_NAME = AccentColor;
				CODE_SIGN_STYLE = Automatic;
				CURRENT_PROJECT_VERSION = 1;
				DEVELOPMENT_TEAM = AL8B625X4G;
				GENERATE_INFOPLIST_FILE = YES;
				INFOPLIST_FILE = 2048/Info.plist;
				INFOPLIST_KEY_CFBundleDisplayName = 2048;
				INFOPLIST_KEY_LSApplicationCategoryType = "public.app-category.board-games";
				INFOPLIST_KEY_UIApplicationSupportsIndirectInputEvents = YES;
				INFOPLIST_KEY_UILaunchStoryboardName = LaunchScreen.storyboard;
				INFOPLIST_KEY_UISupportedInterfaceOrientations = UIInterfaceOrientationPortrait;
				INFOPLIST_KEY_UISupportedInterfaceOrientations_iPad = "UIInterfaceOrientationLandscapeLeft UIInterfaceOrientationLandscapeRight UIInterfaceOrientationPortrait UIInterfaceOrientationPortraitUpsideDown";
				LD_RUNPATH_SEARCH_PATHS = (
					"$(inherited)",
					"@executable_path/Frameworks",
				);
				MARKETING_VERSION = 1.0;
				PRODUCT_BUNDLE_IDENTIFIER = "HSE-SE-IOS.-048";
				PRODUCT_NAME = "$(TARGET_NAME)";
				SUPPORTED_PLATFORMS = "iphoneos iphonesimulator";
				SUPPORTS_MACCATALYST = NO;
				SUPPORTS_MAC_DESIGNED_FOR_IPHONE_IPAD = NO;
				SWIFT_EMIT_LOC_STRINGS = YES;
				SWIFT_VERSION = 5.0;
				TARGETED_DEVICE_FAMILY = 1;
			};
			name = Debug;
		};
		7D3F749C2B35F1ED007DE533 /* Release */ = {
			isa = XCBuildConfiguration;
			baseConfigurationReference = 805157E4A52F5EC925F4D80C /* Pods-2048.release.xcconfig */;
			buildSettings = {
				ASSETCATALOG_COMPILER_APPICON_NAME = AppIcon;
				ASSETCATALOG_COMPILER_GLOBAL_ACCENT_COLOR_NAME = AccentColor;
				CODE_SIGN_STYLE = Automatic;
				CURRENT_PROJECT_VERSION = 1;
				DEVELOPMENT_TEAM = AL8B625X4G;
				GENERATE_INFOPLIST_FILE = YES;
				INFOPLIST_FILE = 2048/Info.plist;
				INFOPLIST_KEY_CFBundleDisplayName = 2048;
				INFOPLIST_KEY_LSApplicationCategoryType = "public.app-category.board-games";
				INFOPLIST_KEY_UIApplicationSupportsIndirectInputEvents = YES;
				INFOPLIST_KEY_UILaunchStoryboardName = LaunchScreen.storyboard;
				INFOPLIST_KEY_UISupportedInterfaceOrientations = UIInterfaceOrientationPortrait;
				INFOPLIST_KEY_UISupportedInterfaceOrientations_iPad = "UIInterfaceOrientationLandscapeLeft UIInterfaceOrientationLandscapeRight UIInterfaceOrientationPortrait UIInterfaceOrientationPortraitUpsideDown";
				LD_RUNPATH_SEARCH_PATHS = (
					"$(inherited)",
					"@executable_path/Frameworks",
				);
				MARKETING_VERSION = 1.0;
				PRODUCT_BUNDLE_IDENTIFIER = "HSE-SE-IOS.-048";
				PRODUCT_NAME = "$(TARGET_NAME)";
				SUPPORTED_PLATFORMS = "iphoneos iphonesimulator";
				SUPPORTS_MACCATALYST = NO;
				SUPPORTS_MAC_DESIGNED_FOR_IPHONE_IPAD = NO;
				SWIFT_EMIT_LOC_STRINGS = YES;
				SWIFT_VERSION = 5.0;
				TARGETED_DEVICE_FAMILY = 1;
			};
			name = Release;
		};
/* End XCBuildConfiguration section */

/* Begin XCConfigurationList section */
		7D3F74812B35F1EC007DE533 /* Build configuration list for PBXProject "2048" */ = {
			isa = XCConfigurationList;
			buildConfigurations = (
				7D3F74982B35F1ED007DE533 /* Debug */,
				7D3F74992B35F1ED007DE533 /* Release */,
			);
			defaultConfigurationIsVisible = 0;
			defaultConfigurationName = Release;
		};
		7D3F749A2B35F1ED007DE533 /* Build configuration list for PBXNativeTarget "2048" */ = {
			isa = XCConfigurationList;
			buildConfigurations = (
				7D3F749B2B35F1ED007DE533 /* Debug */,
				7D3F749C2B35F1ED007DE533 /* Release */,
			);
			defaultConfigurationIsVisible = 0;
			defaultConfigurationName = Release;
		};
/* End XCConfigurationList section */
	};
	rootObject = 7D3F747E2B35F1EC007DE533 /* Project object */;
}
